
Microsoft Visual Studio Solution File, Format Version 12.00
# Visual Studio 15
VisualStudioVersion = 15.0.28010.2003
MinimumVisualStudioVersion = 10.0.40219.1
Project("{FAE04EC0-301F-11D3-BF4B-00C04F79EFBC}") = "TestuseGithub", "TestuseGithub\TestuseGithub.csproj", "{428A1477-2A77-4BA5-877F-BB0EC685CD34}"
EndProject
Global
	GlobalSection(SolutionConfigurationPlatforms) = preSolution
		Debug|Any CPU = Debug|Any CPU
		Release|Any CPU = Release|Any CPU
	EndGlobalSection
	GlobalSection(ProjectConfigurationPlatforms) = postSolution
		{428A1477-2A77-4BA5-877F-BB0EC685CD34}.Debug|Any CPU.ActiveCfg = Debug|Any CPU
		{428A1477-2A77-4BA5-877F-BB0EC685CD34}.Debug|Any CPU.Build.0 = Debug|Any CPU
		{428A1477-2A77-4BA5-877F-BB0EC685CD34}.Release|Any CPU.ActiveCfg = Release|Any CPU
		{428A1477-2A77-4BA5-877F-BB0EC685CD34}.Release|Any CPU.Build.0 = Release|Any CPU
	EndGlobalSection
	GlobalSection(SolutionProperties) = preSolution
		HideSolutionNode = FALSE
	EndGlobalSection
	GlobalSection(ExtensibilityGlobals) = postSolution
		SolutionGuid = {BAD6B159-7743-4C38-9DEE-BE8221CC6575}
	EndGlobalSection
EndGlobal
